// !$*UTF8*$!
{
	archiveVersion = 1;
	classes = {
	};
	objectVersion = 56;
	objects = {

/* Begin PBXBuildFile section */
		408CEEC2296CBFF30072371C /* chatbotApp.swift in Sources */ = {isa = PBXBuildFile; fileRef = 408CEEC1296CBFF30072371C /* chatbotApp.swift */; };
		408CEEC4296CBFF30072371C /* ContentView.swift in Sources */ = {isa = PBXBuildFile; fileRef = 408CEEC3296CBFF30072371C /* ContentView.swift */; };
		408CEEC6296CBFF50072371C /* Assets.xcassets in Resources */ = {isa = PBXBuildFile; fileRef = 408CEEC5296CBFF50072371C /* Assets.xcassets */; };
		408CEEC9296CBFF50072371C /* Preview Assets.xcassets in Resources */ = {isa = PBXBuildFile; fileRef = 408CEEC8296CBFF50072371C /* Preview Assets.xcassets */; };
		40C130E92970CCDD003B75E4 /* QuestionViewModel.swift in Sources */ = {isa = PBXBuildFile; fileRef = 40C130E82970CCDD003B75E4 /* QuestionViewModel.swift */; };
		40C130EB2971BC11003B75E4 /* Constants.swift in Sources */ = {isa = PBXBuildFile; fileRef = 40C130EA2971BC11003B75E4 /* Constants.swift */; };
		40C130ED2971BD18003B75E4 /* User.swift in Sources */ = {isa = PBXBuildFile; fileRef = 40C130EC2971BD18003B75E4 /* User.swift */; };
		40C130EF298022C5003B75E4 /* Answer.swift in Sources */ = {isa = PBXBuildFile; fileRef = 40C130EE298022C5003B75E4 /* Answer.swift */; };
		40C130F129802355003B75E4 /* Question.swift in Sources */ = {isa = PBXBuildFile; fileRef = 40C130F029802355003B75E4 /* Question.swift */; };
		40C130F329802659003B75E4 /* RequestService.swift in Sources */ = {isa = PBXBuildFile; fileRef = 40C130F229802659003B75E4 /* RequestService.swift */; };
		40C130F5298029E3003B75E4 /* UserViewModel.swift in Sources */ = {isa = PBXBuildFile; fileRef = 40C130F4298029E3003B75E4 /* UserViewModel.swift */; };
		40DE6EDF2987C264000AF08E /* Message.swift in Sources */ = {isa = PBXBuildFile; fileRef = 40DE6EDE2987C264000AF08E /* Message.swift */; };
/* End PBXBuildFile section */

/* Begin PBXFileReference section */
		408CEEBE296CBFF30072371C /* chatbot.app */ = {isa = PBXFileReference; explicitFileType = wrapper.application; includeInIndex = 0; path = chatbot.app; sourceTree = BUILT_PRODUCTS_DIR; };
		408CEEC1296CBFF30072371C /* chatbotApp.swift */ = {isa = PBXFileReference; lastKnownFileType = sourcecode.swift; path = chatbotApp.swift; sourceTree = "<group>"; };
		408CEEC3296CBFF30072371C /* ContentView.swift */ = {isa = PBXFileReference; lastKnownFileType = sourcecode.swift; path = ContentView.swift; sourceTree = "<group>"; };
		408CEEC5296CBFF50072371C /* Assets.xcassets */ = {isa = PBXFileReference; lastKnownFileType = folder.assetcatalog; path = Assets.xcassets; sourceTree = "<group>"; };
		408CEEC8296CBFF50072371C /* Preview Assets.xcassets */ = {isa = PBXFileReference; lastKnownFileType = folder.assetcatalog; path = "Preview Assets.xcassets"; sourceTree = "<group>"; };
		40C130E82970CCDD003B75E4 /* QuestionViewModel.swift */ = {isa = PBXFileReference; lastKnownFileType = sourcecode.swift; path = QuestionViewModel.swift; sourceTree = "<group>"; };
		40C130EA2971BC11003B75E4 /* Constants.swift */ = {isa = PBXFileReference; lastKnownFileType = sourcecode.swift; path = Constants.swift; sourceTree = "<group>"; };
		40C130EC2971BD18003B75E4 /* User.swift */ = {isa = PBXFileReference; lastKnownFileType = sourcecode.swift; path = User.swift; sourceTree = "<group>"; };
		40C130EE298022C5003B75E4 /* Answer.swift */ = {isa = PBXFileReference; lastKnownFileType = sourcecode.swift; path = Answer.swift; sourceTree = "<group>"; };
		40C130F029802355003B75E4 /* Question.swift */ = {isa = PBXFileReference; lastKnownFileType = sourcecode.swift; path = Question.swift; sourceTree = "<group>"; };
		40C130F229802659003B75E4 /* RequestService.swift */ = {isa = PBXFileReference; lastKnownFileType = sourcecode.swift; path = RequestService.swift; sourceTree = "<group>"; };
		40C130F4298029E3003B75E4 /* UserViewModel.swift */ = {isa = PBXFileReference; lastKnownFileType = sourcecode.swift; path = UserViewModel.swift; sourceTree = "<group>"; };
		40DE6EDE2987C264000AF08E /* Message.swift */ = {isa = PBXFileReference; lastKnownFileType = sourcecode.swift; path = Message.swift; sourceTree = "<group>"; };
/* End PBXFileReference section */

/* Begin PBXFrameworksBuildPhase section */
		408CEEBB296CBFF30072371C /* Frameworks */ = {
			isa = PBXFrameworksBuildPhase;
			buildActionMask = 2147483647;
			files = (
			);
			runOnlyForDeploymentPostprocessing = 0;
		};
/* End PBXFrameworksBuildPhase section */

/* Begin PBXGroup section */
		408CEEB5296CBFF30072371C = {
			isa = PBXGroup;
			children = (
				408CEEC0296CBFF30072371C /* chatbot */,
				408CEEBF296CBFF30072371C /* Products */,
			);
			sourceTree = "<group>";
		};
		408CEEBF296CBFF30072371C /* Products */ = {
			isa = PBXGroup;
			children = (
				408CEEBE296CBFF30072371C /* chatbot.app */,
			);
			name = Products;
			sourceTree = "<group>";
		};
		408CEEC0296CBFF30072371C /* chatbot */ = {
			isa = PBXGroup;
			children = (
				408CEEC1296CBFF30072371C /* chatbotApp.swift */,
				40DE6EE029881194000AF08E /* service */,
				40C130F629802CE1003B75E4 /* model */,
				40C130F729802CF5003B75E4 /* viewmodel */,
				40C130F829802D0C003B75E4 /* view */,
				40C130EA2971BC11003B75E4 /* Constants.swift */,
				408CEEC5296CBFF50072371C /* Assets.xcassets */,
				408CEEC7296CBFF50072371C /* Preview Content */,
			);
			path = chatbot;
			sourceTree = "<group>";
		};
		408CEEC7296CBFF50072371C /* Preview Content */ = {
			isa = PBXGroup;
			children = (
				408CEEC8296CBFF50072371C /* Preview Assets.xcassets */,
			);
			path = "Preview Content";
			sourceTree = "<group>";
		};
		40C130F629802CE1003B75E4 /* model */ = {
			isa = PBXGroup;
			children = (
				40C130EC2971BD18003B75E4 /* User.swift */,
				40C130EE298022C5003B75E4 /* Answer.swift */,
				40C130F029802355003B75E4 /* Question.swift */,
				40DE6EDE2987C264000AF08E /* Message.swift */,
			);
			path = model;
			sourceTree = "<group>";
		};
		40C130F729802CF5003B75E4 /* viewmodel */ = {
			isa = PBXGroup;
			children = (
				40C130E82970CCDD003B75E4 /* QuestionViewModel.swift */,
				40C130F4298029E3003B75E4 /* UserViewModel.swift */,
			);
			path = viewmodel;
			sourceTree = "<group>";
		};
		40C130F829802D0C003B75E4 /* view */ = {
			isa = PBXGroup;
			children = (
				408CEEC3296CBFF30072371C /* ContentView.swift */,
			);
			path = view;
			sourceTree = "<group>";
		};
		40DE6EE029881194000AF08E /* service */ = {
			isa = PBXGroup;
			children = (
				40C130F229802659003B75E4 /* RequestService.swift */,
			);
			path = service;
			sourceTree = "<group>";
		};
/* End PBXGroup section */

/* Begin PBXNativeTarget section */
		408CEEBD296CBFF30072371C /* chatbot */ = {
			isa = PBXNativeTarget;
			buildConfigurationList = 408CEECC296CBFF50072371C /* Build configuration list for PBXNativeTarget "chatbot" */;
			buildPhases = (
				408CEEBA296CBFF30072371C /* Sources */,
				408CEEBB296CBFF30072371C /* Frameworks */,
				408CEEBC296CBFF30072371C /* Resources */,
			);
			buildRules = (
			);
			dependencies = (
			);
			name = chatbot;
			productName = chatbot;
			productReference = 408CEEBE296CBFF30072371C /* chatbot.app */;
			productType = "com.apple.product-type.application";
		};
/* End PBXNativeTarget section */

/* Begin PBXProject section */
		408CEEB6296CBFF30072371C /* Project object */ = {
			isa = PBXProject;
			attributes = {
				BuildIndependentTargetsInParallel = 1;
				LastSwiftUpdateCheck = 1420;
				LastUpgradeCheck = 1420;
				TargetAttributes = {
					408CEEBD296CBFF30072371C = {
						CreatedOnToolsVersion = 14.2;
					};
				};
			};
			buildConfigurationList = 408CEEB9296CBFF30072371C /* Build configuration list for PBXProject "chatbot" */;
			compatibilityVersion = "Xcode 14.0";
			developmentRegion = en;
			hasScannedForEncodings = 0;
			knownRegions = (
				en,
				Base,
			);
			mainGroup = 408CEEB5296CBFF30072371C;
			productRefGroup = 408CEEBF296CBFF30072371C /* Products */;
			projectDirPath = "";
			projectRoot = "";
			targets = (
				408CEEBD296CBFF30072371C /* chatbot */,
			);
		};
/* End PBXProject section */

/* Begin PBXResourcesBuildPhase section */
		408CEEBC296CBFF30072371C /* Resources */ = {
			isa = PBXResourcesBuildPhase;
			buildActionMask = 2147483647;
			files = (
				408CEEC9296CBFF50072371C /* Preview Assets.xcassets in Resources */,
				408CEEC6296CBFF50072371C /* Assets.xcassets in Resources */,
			);
			runOnlyForDeploymentPostprocessing = 0;
		};
/* End PBXResourcesBuildPhase section */

/* Begin PBXSourcesBuildPhase section */
		408CEEBA296CBFF30072371C /* Sources */ = {
			isa = PBXSourcesBuildPhase;
			buildActionMask = 2147483647;
			files = (
				40C130E92970CCDD003B75E4 /* QuestionViewModel.swift in Sources */,
				40C130F329802659003B75E4 /* RequestService.swift in Sources */,
				408CEEC4296CBFF30072371C /* ContentView.swift in Sources */,
				40C130EB2971BC11003B75E4 /* Constants.swift in Sources */,
				40C130EF298022C5003B75E4 /* Answer.swift in Sources */,
				40C130ED2971BD18003B75E4 /* User.swift in Sources */,
				40C130F129802355003B75E4 /* Question.swift in Sources */,
				40DE6EDF2987C264000AF08E /* Message.swift in Sources */,
				40C130F5298029E3003B75E4 /* UserViewModel.swift in Sources */,
				408CEEC2296CBFF30072371C /* chatbotApp.swift in Sources */,
			);
			runOnlyForDeploymentPostprocessing = 0;
		};
/* End PBXSourcesBuildPhase section */

/* Begin XCBuildConfiguration section */
		408CEECA296CBFF50072371C /* Debug */ = {
			isa = XCBuildConfiguration;
			buildSettings = {
				ALWAYS_SEARCH_USER_PATHS = NO;
				CLANG_ANALYZER_NONNULL = YES;
				CLANG_ANALYZER_NUMBER_OBJECT_CONVERSION = YES_AGGRESSIVE;
				CLANG_CXX_LANGUAGE_STANDARD = "gnu++20";
				CLANG_ENABLE_MODULES = YES;
				CLANG_ENABLE_OBJC_ARC = YES;
				CLANG_ENABLE_OBJC_WEAK = YES;
				CLANG_WARN_BLOCK_CAPTURE_AUTORELEASING = YES;
				CLANG_WARN_BOOL_CONVERSION = YES;
				CLANG_WARN_COMMA = YES;
				CLANG_WARN_CONSTANT_CONVERSION = YES;
				CLANG_WARN_DEPRECATED_OBJC_IMPLEMENTATIONS = YES;
				CLANG_WARN_DIRECT_OBJC_ISA_USAGE = YES_ERROR;
				CLANG_WARN_DOCUMENTATION_COMMENTS = YES;
				CLANG_WARN_EMPTY_BODY = YES;
				CLANG_WARN_ENUM_CONVERSION = YES;
				CLANG_WARN_INFINITE_RECURSION = YES;
				CLANG_WARN_INT_CONVERSION = YES;
				CLANG_WARN_NON_LITERAL_NULL_CONVERSION = YES;
				CLANG_WARN_OBJC_IMPLICIT_RETAIN_SELF = YES;
				CLANG_WARN_OBJC_LITERAL_CONVERSION = YES;
				CLANG_WARN_OBJC_ROOT_CLASS = YES_ERROR;
				CLANG_WARN_QUOTED_INCLUDE_IN_FRAMEWORK_HEADER = YES;
				CLANG_WARN_RANGE_LOOP_ANALYSIS = YES;
				CLANG_WARN_STRICT_PROTOTYPES = YES;
				CLANG_WARN_SUSPICIOUS_MOVE = YES;
				CLANG_WARN_UNGUARDED_AVAILABILITY = YES_AGGRESSIVE;
				CLANG_WARN_UNREACHABLE_CODE = YES;
				CLANG_WARN__DUPLICATE_METHOD_MATCH = YES;
				COPY_PHASE_STRIP = NO;
				DEBUG_INFORMATION_FORMAT = dwarf;
				ENABLE_STRICT_OBJC_MSGSEND = YES;
				ENABLE_TESTABILITY = YES;
				GCC_C_LANGUAGE_STANDARD = gnu11;
				GCC_DYNAMIC_NO_PIC = NO;
				GCC_NO_COMMON_BLOCKS = YES;
				GCC_OPTIMIZATION_LEVEL = 0;
				GCC_PREPROCESSOR_DEFINITIONS = (
					"DEBUG=1",
					"$(inherited)",
				);
				GCC_WARN_64_TO_32_BIT_CONVERSION = YES;
				GCC_WARN_ABOUT_RETURN_TYPE = YES_ERROR;
				GCC_WARN_UNDECLARED_SELECTOR = YES;
				GCC_WARN_UNINITIALIZED_AUTOS = YES_AGGRESSIVE;
				GCC_WARN_UNUSED_FUNCTION = YES;
				GCC_WARN_UNUSED_VARIABLE = YES;
				IPHONEOS_DEPLOYMENT_TARGET = 16.2;
				MTL_ENABLE_DEBUG_INFO = INCLUDE_SOURCE;
				MTL_FAST_MATH = YES;
				ONLY_ACTIVE_ARCH = YES;
				SDKROOT = iphoneos;
				SWIFT_ACTIVE_COMPILATION_CONDITIONS = DEBUG;
				SWIFT_OPTIMIZATION_LEVEL = "-Onone";
			};
			name = Debug;
		};
		408CEECB296CBFF50072371C /* Release */ = {
			isa = XCBuildConfiguration;
			buildSettings = {
				ALWAYS_SEARCH_USER_PATHS = NO;
				CLANG_ANALYZER_NONNULL = YES;
				CLANG_ANALYZER_NUMBER_OBJECT_CONVERSION = YES_AGGRESSIVE;
				CLANG_CXX_LANGUAGE_STANDARD = "gnu++20";
				CLANG_ENABLE_MODULES = YES;
				CLANG_ENABLE_OBJC_ARC = YES;
				CLANG_ENABLE_OBJC_WEAK = YES;
				CLANG_WARN_BLOCK_CAPTURE_AUTORELEASING = YES;
				CLANG_WARN_BOOL_CONVERSION = YES;
				CLANG_WARN_COMMA = YES;
				CLANG_WARN_CONSTANT_CONVERSION = YES;
				CLANG_WARN_DEPRECATED_OBJC_IMPLEMENTATIONS = YES;
				CLANG_WARN_DIRECT_OBJC_ISA_USAGE = YES_ERROR;
				CLANG_WARN_DOCUMENTATION_COMMENTS = YES;
				CLANG_WARN_EMPTY_BODY = YES;
				CLANG_WARN_ENUM_CONVERSION = YES;
				CLANG_WARN_INFINITE_RECURSION = YES;
				CLANG_WARN_INT_CONVERSION = YES;
				CLANG_WARN_NON_LITERAL_NULL_CONVERSION = YES;
				CLANG_WARN_OBJC_IMPLICIT_RETAIN_SELF = YES;
				CLANG_WARN_OBJC_LITERAL_CONVERSION = YES;
				CLANG_WARN_OBJC_ROOT_CLASS = YES_ERROR;
				CLANG_WARN_QUOTED_INCLUDE_IN_FRAMEWORK_HEADER = YES;
				CLANG_WARN_RANGE_LOOP_ANALYSIS = YES;
				CLANG_WARN_STRICT_PROTOTYPES = YES;
				CLANG_WARN_SUSPICIOUS_MOVE = YES;
				CLANG_WARN_UNGUARDED_AVAILABILITY = YES_AGGRESSIVE;
				CLANG_WARN_UNREACHABLE_CODE = YES;
				CLANG_WARN__DUPLICATE_METHOD_MATCH = YES;
				COPY_PHASE_STRIP = NO;
				DEBUG_INFORMATION_FORMAT = "dwarf-with-dsym";
				ENABLE_NS_ASSERTIONS = NO;
				ENABLE_STRICT_OBJC_MSGSEND = YES;
				GCC_C_LANGUAGE_STANDARD = gnu11;
				GCC_NO_COMMON_BLOCKS = YES;
				GCC_WARN_64_TO_32_BIT_CONVERSION = YES;
				GCC_WARN_ABOUT_RETURN_TYPE = YES_ERROR;
				GCC_WARN_UNDECLARED_SELECTOR = YES;
				GCC_WARN_UNINITIALIZED_AUTOS = YES_AGGRESSIVE;
				GCC_WARN_UNUSED_FUNCTION = YES;
				GCC_WARN_UNUSED_VARIABLE = YES;
				IPHONEOS_DEPLOYMENT_TARGET = 16.2;
				MTL_ENABLE_DEBUG_INFO = NO;
				MTL_FAST_MATH = YES;
				SDKROOT = iphoneos;
				SWIFT_COMPILATION_MODE = wholemodule;
				SWIFT_OPTIMIZATION_LEVEL = "-O";
				VALIDATE_PRODUCT = YES;
			};
			name = Release;
		};
		408CEECD296CBFF50072371C /* Debug */ = {
			isa = XCBuildConfiguration;
			buildSettings = {
				ASSETCATALOG_COMPILER_APPICON_NAME = AppIcon;
				ASSETCATALOG_COMPILER_GLOBAL_ACCENT_COLOR_NAME = AccentColor;
				CODE_SIGN_STYLE = Automatic;
				CURRENT_PROJECT_VERSION = 1;
				DEVELOPMENT_ASSET_PATHS = "\"chatbot/Preview Content\"";
				DEVELOPMENT_TEAM = N4Z48S7KUM;
				ENABLE_PREVIEWS = YES;
				GENERATE_INFOPLIST_FILE = YES;
				INFOPLIST_FILE = chatbot/Info.plist;
				INFOPLIST_KEY_UIApplicationSceneManifest_Generation = YES;
				INFOPLIST_KEY_UIApplicationSupportsIndirectInputEvents = YES;
				INFOPLIST_KEY_UILaunchScreen_Generation = YES;
				INFOPLIST_KEY_UISupportedInterfaceOrientations = UIInterfaceOrientationPortrait;
				INFOPLIST_KEY_UISupportedInterfaceOrientations_iPad = "UIInterfaceOrientationLandscapeLeft UIInterfaceOrientationLandscapeRight UIInterfaceOrientationPortrait";
				IPHONEOS_DEPLOYMENT_TARGET = 16.0;
				LD_RUNPATH_SEARCH_PATHS = (
					"$(inherited)",
					"@executable_path/Frameworks",
				);
				MARKETING_VERSION = 1.0;
				PRODUCT_BUNDLE_IDENTIFIER = com.spacex.chatbot;
				PRODUCT_NAME = "$(TARGET_NAME)";
				SWIFT_EMIT_LOC_STRINGS = YES;
				SWIFT_VERSION = 5.0;
				TARGETED_DEVICE_FAMILY = "1,2";
			};
			name = Debug;
		};
		408CEECE296CBFF50072371C /* Release */ = {
			isa = XCBuildConfiguration;
			buildSettings = {
				ASSETCATALOG_COMPILER_APPICON_NAME = AppIcon;
				ASSETCATALOG_COMPILER_GLOBAL_ACCENT_COLOR_NAME = AccentColor;
				CODE_SIGN_STYLE = Automatic;
				CURRENT_PROJECT_VERSION = 1;
				DEVELOPMENT_ASSET_PATHS = "\"chatbot/Preview Content\"";
				DEVELOPMENT_TEAM = N4Z48S7KUM;
				ENABLE_PREVIEWS = YES;
				GENERATE_INFOPLIST_FILE = YES;
				INFOPLIST_FILE = chatbot/Info.plist;
				INFOPLIST_KEY_UIApplicationSceneManifest_Generation = YES;
				INFOPLIST_KEY_UIApplicationSupportsIndirectInputEvents = YES;
				INFOPLIST_KEY_UILaunchScreen_Generation = YES;
				INFOPLIST_KEY_UISupportedInterfaceOrientations = UIInterfaceOrientationPortrait;
				INFOPLIST_KEY_UISupportedInterfaceOrientations_iPad = "UIInterfaceOrientationLandscapeLeft UIInterfaceOrientationLandscapeRight UIInterfaceOrientationPortrait";
				IPHONEOS_DEPLOYMENT_TARGET = 16.0;
				LD_RUNPATH_SEARCH_PATHS = (
					"$(inherited)",
					"@executable_path/Frameworks",
				);
				MARKETING_VERSION = 1.0;
				PRODUCT_BUNDLE_IDENTIFIER = com.spacex.chatbot;
				PRODUCT_NAME = "$(TARGET_NAME)";
				SWIFT_EMIT_LOC_STRINGS = YES;
				SWIFT_VERSION = 5.0;
				TARGETED_DEVICE_FAMILY = "1,2";
			};
			name = Release;
		};
/* End XCBuildConfiguration section */

/* Begin XCConfigurationList section */
		408CEEB9296CBFF30072371C /* Build configuration list for PBXProject "chatbot" */ = {
			isa = XCConfigurationList;
			buildConfigurations = (
				408CEECA296CBFF50072371C /* Debug */,
				408CEECB296CBFF50072371C /* Release */,
			);
			defaultConfigurationIsVisible = 0;
			defaultConfigurationName = Release;
		};
		408CEECC296CBFF50072371C /* Build configuration list for PBXNativeTarget "chatbot" */ = {
			isa = XCConfigurationList;
			buildConfigurations = (
				408CEECD296CBFF50072371C /* Debug */,
				408CEECE296CBFF50072371C /* Release */,
			);
			defaultConfigurationIsVisible = 0;
			defaultConfigurationName = Release;
		};
/* End XCConfigurationList section */
	};
	rootObject = 408CEEB6296CBFF30072371C /* Project object */;
}
